
Microsoft Visual Studio Solution File, Format Version 12.00
# Visual Studio Version 17
VisualStudioVersion = 17.3.32825.248
MinimumVisualStudioVersion = 10.0.40219.1
Project("{FAE04EC0-301F-11D3-BF4B-00C04F79EFBC}") = "methods3_patika", "methods3_patika\methods3_patika.csproj", "{01D47394-27B8-4A54-92B3-1332670070A2}"
EndProject
Global
	GlobalSection(SolutionConfigurationPlatforms) = preSolution
		Debug|Any CPU = Debug|Any CPU
		Release|Any CPU = Release|Any CPU
	EndGlobalSection
	GlobalSection(ProjectConfigurationPlatforms) = postSolution
		{01D47394-27B8-4A54-92B3-1332670070A2}.Debug|Any CPU.ActiveCfg = Debug|Any CPU
		{01D47394-27B8-4A54-92B3-1332670070A2}.Debug|Any CPU.Build.0 = Debug|Any CPU
		{01D47394-27B8-4A54-92B3-1332670070A2}.Release|Any CPU.ActiveCfg = Release|Any CPU
		{01D47394-27B8-4A54-92B3-1332670070A2}.Release|Any CPU.Build.0 = Release|Any CPU
	EndGlobalSection
	GlobalSection(SolutionProperties) = preSolution
		HideSolutionNode = FALSE
	EndGlobalSection
	GlobalSection(ExtensibilityGlobals) = postSolution
		SolutionGuid = {0B67C292-E16F-4070-ABBB-B8B27D1BBBF0}
	EndGlobalSection
EndGlobal
